{
    "_meta": {
        "hash": {
            "sha256": "ca3db30618e344f5bd0965480ffb76b7fb49221794f2347f1994d95cb71563dc"
        },
        "pipfile-spec": 6,
        "requires": {
            "python_version": "3.10"
        },
        "sources": [
            {
                "name": "pypi",
                "url": "https://pypi.python.org/simple",
                "verify_ssl": true
            }
        ]
    },
    "default": {
        "async-timeout": {
            "hashes": [
                "sha256:2163e1640ddb52b7a8c80d0a67a08587e5d245cc9c553a74a847056bc2976b15",
                "sha256:8ca1e4fcf50d07413d66d1a5e416e42cfdf5851c981d679a09851a6853383b3c"
            ],
            "markers": "python_version >= '3.6'",
            "version": "==4.0.2"
        },
        "attrs": {
            "hashes": [
                "sha256:29adc2665447e5191d0e7c568fde78b21f9672d344281d0c6e1ab085429b22b6",
                "sha256:86efa402f67bf2df34f51a335487cf46b1ec130d02b8d39fd248abfd30da551c"
            ],
            "markers": "python_version >= '3.5'",
            "version": "==22.1.0"
        },
        "certifi": {
            "hashes": [
                "sha256:84c85a9078b11105f04f3036a9482ae10e4621616db313fe045dd24743a0820d",
                "sha256:fe86415d55e84719d75f8b69414f6438ac3547d2078ab91b67e779ef69378412"
            ],
            "markers": "python_version >= '3.6'",
            "version": "==2022.6.15"
        },
        "charset-normalizer": {
            "hashes": [
                "sha256:5a3d016c7c547f69d6f81fb0db9449ce888b418b5b9952cc5e6e66843e9dd845",
                "sha256:83e9a75d1911279afd89352c68b45348559d1fc0506b054b346651b5e7fee29f"
            ],
            "markers": "python_version >= '3.6'",
            "version": "==2.1.1"
        },
        "deprecated": {
            "hashes": [
                "sha256:43ac5335da90c31c24ba028af536a91d41d53f9e6901ddb021bcc572ce44e38d",
                "sha256:64756e3e14c8c5eea9795d93c524551432a0be75629f8f29e67ab8caf076c76d"
            ],
            "markers": "python_version >= '2.7' and python_version not in '3.0, 3.1, 3.2, 3.3'",
            "version": "==1.2.13"
        },
        "greenlet": {
            "hashes": [
                "sha256:004aed447382d80a56ecc354a6d807f305e6c808714ce6ccbca4839c94fae81d",
                "sha256:068d68fad6bd623e29a2d36e74538c9b9d6dc6464931cd27d93da6cfc6a7f242",
                "sha256:06fd4075754009c9817c6b4e1dc0af4616de52757b6ca973a81c3c1aadc28257",
                "sha256:1004cb542451814b12a4f38e835a47734e2b2c683acbf463d5ae76282a3974cf",
                "sha256:10c358633a8b27bfc32d27114ef2ca2ddc9f1f89f1643d1157b85e1fdd695315",
                "sha256:115bc25fefbdc692c4483e9ddb9011ccd0251590ed59dbfff0f4eb7050bf99c4",
                "sha256:1d987a2579336792f73ae6b106c2f087e32afc8573fbf9566f123ac6d8cfb72f",
                "sha256:2128d727fd1e8afba8e68feb2cdcf88c90163b69ddc9707722a3e491c5280720",
                "sha256:230132c241fe284f93f2e7b3969e9b22bbd76ef98cf93e382c945d378907f5a4",
                "sha256:23558f7bd08a663386c032ab8d302d613d2d02ae0c9758ad410bab6035b58d3d",
                "sha256:255d520d3e4a5f16883b182e1a94219fe455ab4f50aaaf534bfd6d64ee728397",
                "sha256:2a6bc19a728f6f643cfc89b876159a1a25a8f7d8700c013d48a73691f80b4550",
                "sha256:379bed346ef8ba0a0e698b3c5975a44d15dd4a5bbff40bbd7fd548b445d5550b",
                "sha256:3b12d0866759db93b0a893b4e50a7d7d1681519d2346c26695bb8bb2c652230e",
                "sha256:40d491944f69e350e1e8b25f6ca49459824ede1678ec0cd4b5541f41edc06614",
                "sha256:471484c7b9d7b7867263051aa81cdeed6e06b455e629a7f05eb91a6cb8bd0836",
                "sha256:488c557080557bc01aabb3e1bda7225c68455b853733a8652857ac0d810dad1b",
                "sha256:49c2e76e7aa81ba889b3c183e2341af3cc6161ee38852085110ae49d5b5d9a40",
                "sha256:52d13ec90236e5935ed6da044e78faa1371d5116cc43fe6d7ca8994dd619ef96",
                "sha256:57898c69a253d81f487787bdd538629fabd671fab8a9e31b041ca30965fd9556",
                "sha256:5d577eef5beb5730ef01ab39983eb852a97c359b7a546809adf70c409f4b2ecc",
                "sha256:6a41987c1474c9158a0c0c96611530a8f299bc547d35bee8add981b8b2534f74",
                "sha256:6ae67b7df8db3626af8e042e9c6949cfa27d1a3bbbfdff29e45b72bb6673a650",
                "sha256:6c42c27e9d12e8a481aff469ffe8dd4ce0484c354a418470960f760f6ae41e7c",
                "sha256:6c4a90c9f6128b4d0905a89930bd325e0491574e5cb453f606bb7094a3197587",
                "sha256:6e64518e5833ac2d9359b6d9bd4df2c0cf441a0f3a4eca9e735fbea99009fa70",
                "sha256:6fd3a270c23c5b42d86a9c7c6b0229f23ee4a7a4cabdaaa1693ad7a0982d13cb",
                "sha256:70db73351e0fcf11a76288c47a0469d9a330bcb2e7618c5eb57432b8caa82403",
                "sha256:771f401692046845626cbdf1dd0f04e999413ede0ee9ad39033fe30b5fa2e845",
                "sha256:7935026ec61b967cbc6b746c0ca75c1651ea118d7fee4d259cff9e6866153374",
                "sha256:7b76b1cac9baac1980210e29145800954e7b42e91ef69c4d695de1cab87ce41f",
                "sha256:7e3f37c11b6699b1a1e0fcc0e88829dba4f2866546381b05ab8b3f4db645a823",
                "sha256:8370fa65ad421484894f559055f951843754153b72b9bca2ebdc5288efe2e3f0",
                "sha256:8ae9c443d44a4e23252632e4d7775f419f992d0df3eff923e23775f5cc551d39",
                "sha256:8b31d85f2781e44f1ffaaf7ea07f484e7d42317c677c355fa77b4a1a4bea7394",
                "sha256:8b450336b27f3b375cadc474c6704838eaa8dd3ca312aac3bb69d92264a8e638",
                "sha256:9ce84357388a76d886febff4e50e321c212ffd3248b590960b2da6e02404a5c9",
                "sha256:a23e986fb0ba8e7407286add41fa0d4207be44e3dce1b04789f4757800eca1cf",
                "sha256:a81610ee00d0da9cd2c8679479b7791149365b6dfb3971b01b22ee29b04787ce",
                "sha256:b4e40444975e5ab0ed3004369209c39a28e084951daaeee4919f164b6b849b14",
                "sha256:b66600de16702b9dfa74bea34524b55183a2183e5fd92f20fe6c2fcae550a64c",
                "sha256:ba6ee18694d3673796b7a31b7d21254e87e9e43ca5be56f323fd396111255315",
                "sha256:bd03837da28293baa39bdfc3cada69e2f8807f423ae06168aa28d2b32c63a6b6",
                "sha256:bd2192070f88c0778ae1d68a0980fdece3473498c1db37f3794e3454f91e3ecf",
                "sha256:c1f6f1a3cc013012cd1da913c40b13e6d721046a8c8a0ea0cde94069645a75db",
                "sha256:ce10a8e7e067bde3c1fbf494d2b8859db510206030b0b67bc3af90b0eb1887b9",
                "sha256:d31386d208303a5a6cf0819ef9f6db6680bab9e4ca8e48adb3d4b26ead89beb7",
                "sha256:d83b3af53b201970973c5574b39df226746194063bb248a53fd12b470ac34319",
                "sha256:df9657b212c054ac6d803290d7c4bcd7790af0b725984fce1eeb0a1e3f2d9798",
                "sha256:e576e5fd3f129e6b3595dc734ac7f2b8c548f19ef07781194bc538dc9c0cdbbc",
                "sha256:e7400358558094c1bcedc75f3b3c4f400c53130b44833848890a99968dee6a64",
                "sha256:eb6a385f8577d30e4cb43dd555fb134ddaae1edeb84205e09dabec332bf49fd0",
                "sha256:f27f0875e0873f6bf5df09a456bfcac0667824cabac4cad30b43f36e0382ffe7",
                "sha256:fcd4a6d04995f1d66bc78b503e4e59ae72fd32aaec4f661657fe5ae5c1aa4ce3"
            ],
            "markers": "python_version >= '3' and platform_machine == 'aarch64' or (platform_machine == 'ppc64le' or (platform_machine == 'x86_64' or (platform_machine == 'amd64' or (platform_machine == 'AMD64' or (platform_machine == 'win32' or platform_machine == 'WIN32')))))",
            "version": "==2.0.0a2"
        },
        "idna": {
            "hashes": [
                "sha256:84d9dd047ffa80596e0f246e2eab0b391788b0503584e8945f2368256d2735ff",
                "sha256:9d643ff0a55b762d5cdb124b8eaa99c66322e2157b69160bc32796e824360e6d"
            ],
            "markers": "python_version >= '3.5'",
            "version": "==3.3"
        },
        "iniconfig": {
            "hashes": [
                "sha256:011e24c64b7f47f6ebd835bb12a743f2fbe9a26d4cecaa7f53bc4f35ee9da8b3",
                "sha256:bc3af051d7d14b2ee5ef9969666def0cd1a000e121eaea580d4a313df4b37f32"
            ],
            "version": "==1.1.1"
        },
        "packaging": {
            "hashes": [
                "sha256:dd47c42927d89ab911e606518907cc2d3a1f38bbd026385970643f9c5b8ecfeb",
                "sha256:ef103e05f519cdc783ae24ea4e2e0f508a9c99b2d4969652eed6a2e1ea5bd522"
            ],
            "markers": "python_version >= '3.6'",
            "version": "==21.3"
        },
        "pluggy": {
            "hashes": [
                "sha256:4224373bacce55f955a878bf9cfa763c1e360858e330072059e10bad68531159",
                "sha256:74134bbf457f031a36d68416e1509f34bd5ccc019f0bcc952c7b909d06b37bd3"
            ],
            "markers": "python_version >= '3.6'",
            "version": "==1.0.0"
        },
        "py": {
            "hashes": [
                "sha256:51c75c4126074b472f746a24399ad32f6053d1b34b68d2fa41e558e6f4a98719",
                "sha256:607c53218732647dff4acdfcd50cb62615cedf612e72d1724fb1a0cc6405b378"
            ],
            "markers": "python_version >= '2.7' and python_version not in '3.0, 3.1, 3.2, 3.3, 3.4'",
            "version": "==1.11.0"
        },
        "pydantic": {
            "hashes": [
                "sha256:1072eae28bf034a311764c130784e8065201a90edbca10f495c906737b3bd642",
                "sha256:14a5babda137a294df7ad5f220986d79bbb87fdeb332c6ded61ce19da7f5f3bf",
                "sha256:221166d99726238f71adc4fa9f3e94063a10787574b966f86a774559e709ac5a",
                "sha256:2b5e5e7a0ec96704099e271911a1049321ba1afda92920df0769898a7e9a1298",
                "sha256:2d7da49229ffb1049779a5a6c1c50a26da164bd053cf8ee9042197dc08a98259",
                "sha256:43d41b6f13706488e854729955ba8f740e6ec375cd16b72b81dc24b9d84f0d15",
                "sha256:444cf220a12134da1cd42fe4f45edff622139e10177ce3d8ef2b4f41db1291b2",
                "sha256:522906820cd60e63c7960ba83078bf2d2ad2dd0870bf68248039bcb1ec3eb0a4",
                "sha256:5327406f4bfd5aee784e7ad2a6a5fdd7171c19905bf34cb1994a1ba73a87c468",
                "sha256:54d6465cd2112441305faf5143a491b40de07a203116b5755a2108e36b25308d",
                "sha256:5659cb9c6b3d27fc0067025c4f5a205f5e838232a4a929b412781117c2343d44",
                "sha256:60dad97a09b6f44690c05467a4f397b62bfc2c839ac39102819d6979abc2be0d",
                "sha256:6142246fc9adb51cadaeb84fb52a86f3adad4c6a7b0938a5dd0b1356b0088217",
                "sha256:6f927bff6c319fc92e0a2cbeb2609b5c1cd562862f4b54ec905e353282b7c8b1",
                "sha256:7acb7b66ffd2bc046eaff0063df84c83fc3826722d5272adaeadf6252e17f691",
                "sha256:7e6786ed5faa559dea5a77f6d2de9a08d18130de9344533535d945f34bdcd42e",
                "sha256:8eee69eda7674977b079a21e7bf825b59d8bf15145300e8034ed3eb239ac444f",
                "sha256:90e02f61b7354ed330f294a437d0bffac9e21a5d46cb4cc3c89d220e497db7ac",
                "sha256:96ab6ce1346d14c6e581a69c333bdd1b492df9cf85ad31ad77a8aa42180b7e09",
                "sha256:9a93be313e40f12c6f2cb84533b226bbe23d0774872e38d83415e6890215e3a6",
                "sha256:a90e85d95fd968cd7cae122e0d3e0e1f6613bc88c1ff3fe838ac9785ea4b1c4c",
                "sha256:ad2374b5b3b771dcc6e2f6e0d56632ab63b90e9808b7a73ad865397fcdb4b2cd",
                "sha256:ae43704358304da45c1c3dd7056f173c618b252f91594bcb6d6f6b4c6c284dee",
                "sha256:c7bf8ff1d18186eb0cbe42bd9bfb4cbf7fde1fd01b8608925458990c21f202f0",
                "sha256:c8d70fb91b03c32d2e857b071a22a5225e6b625ca82bd2cc8dd729d88e0bd200",
                "sha256:cc5ffe7bd0b4778fa5b7a5f825c52d6cfea3ae2d9b52b05b9b1d97e36dee23a8",
                "sha256:ce901335667a68dfbc10dd2ee6c0d676b89210d754441c2469fbc37baf7ee2ed",
                "sha256:d41bb80347a8a2d51fbd6f1748b42aca14541315878447ba159617544712f770",
                "sha256:d545c89d88bdd5559db17aeb5a61a26799903e4bd76114779b3bf1456690f6ce",
                "sha256:d55aeb01bb7bd7c7e1bd904668a4a2ffcbb1c248e7ae9eb40a272fd7e67dd98b",
                "sha256:d6f5bcb59d33ec46621dae76e714c53035087666cac80c81c9047a84f3ff93d0",
                "sha256:dbfbff83565b4514dd8cebc8b8c81a12247e89427ff997ad0a9da7b2b1065c12",
                "sha256:eb1bc3f8fef6ba36977108505e90558911e7fbccb4e930805d5dd90891b56ff4",
                "sha256:f2157aaf5718c648eaec9e654a34179ae42ffc363dc3ad058538a4f3ecbd9341",
                "sha256:f31ffe0e38805a0e6410330f78147bb89193b136d7a5f79cae60d3e849b520a6",
                "sha256:f8b10e59c035ff3dcc9791619d6e6c5141e0fa5cbe264e19e267b8d523b210bf"
            ],
            "index": "pypi",
            "version": "==1.10.1"
        },
        "pyparsing": {
            "hashes": [
                "sha256:2b020ecf7d21b687f219b71ecad3631f644a47f01403fa1d1036b0c6416d70fb",
                "sha256:5026bae9a10eeaefb61dab2f09052b9f4307d44aee4eda64b309723d8d206bbc"
            ],
            "markers": "python_full_version >= '3.6.8'",
            "version": "==3.0.9"
        },
        "pytest": {
            "hashes": [
                "sha256:1377bda3466d70b55e3f5cecfa55bb7cfcf219c7964629b967c37cf0bda818b7",
                "sha256:4f365fec2dff9c1162f834d9f18af1ba13062db0c708bf7b946f8a5c76180c39"
            ],
            "index": "pypi",
            "version": "==7.1.3"
        },
        "python-dotenv": {
            "hashes": [
                "sha256:1684eb44636dd462b66c3ee016599815514527ad99965de77f43e0944634a7e5",
                "sha256:b77d08274639e3d34145dfa6c7008e66df0f04b7be7a75fd0d5292c191d79045"
            ],
            "index": "pypi",
            "version": "==0.21.0"
        },
        "redis": {
            "hashes": [
                "sha256:0b82ad83f37b89b25cca2d18592eee379dabdfe8550e80b34d852acf2d9fb015",
                "sha256:b538a9ab71441ce5aff06552a6e0383c9720c29d7073082bd691a0b3dcbb7ac3"
            ],
            "markers": "python_version >= '3.7'",
            "version": "==4.4.0rc1"
        },
        "requests": {
            "hashes": [
                "sha256:7c5599b102feddaa661c826c56ab4fee28bfd17f5abca1ebbe3e7f19d7c97983",
                "sha256:8fefa2a1a1365bf5520aac41836fbee479da67864514bdb821f31ce07ce65349"
            ],
            "markers": "python_version >= '3.7' and python_version < '4'",
            "version": "==2.28.1"
        },
        "six": {
            "hashes": [
                "sha256:1e61c37477a1626458e36f7b1d82aa5c9b094fa4802892072e49de9c60c4c926",
                "sha256:8abb2f1d86890a2dfb989f9a77cfcfd3e47c2a354b01111771326f8aa26e0254"
            ],
            "markers": "python_version >= '2.7' and python_version not in '3.0, 3.1, 3.2, 3.3'",
            "version": "==1.16.0"
        },
        "spotipy": {
            "hashes": [
                "sha256:b5844cef1d4e5f76c14e4e92a7072ab333844057c01eb24a09d38fb761716b1f",
                "sha256:d63a921ca6287eec12fdc72b80977df086d4f8609cd962fe8397a4a82165db5e",
                "sha256:e26a99b75be2fc42375b2b4b355dc44fa1e59efc773afa17b784e1a4c0a818c9"
            ],
            "index": "pypi",
            "version": "==2.20.0"
        },
        "sqlalchemy": {
            "hashes": [
                "sha256:00dd998b43b282c71de46b061627b5edb9332510eb1edfc5017b9e4356ed44ea",
                "sha256:08b47c971327e733ffd6bae2d4f50a7b761793efe69d41067fcba86282819eea",
                "sha256:0992f3cc640ec0f88f721e426da884c34ff0a60eb73d3d64172e23dfadfc8a0b",
                "sha256:0c956a5d1adb49a35d78ef0fae26717afc48a36262359bb5b0cbd7a3a247c26f",
                "sha256:1ab08141d93de83559f6a7d9a962830f918623a885b3759ec2b9d1a531ff28fe",
                "sha256:1cf03d37819dc17a388d313919daf32058d19ba1e592efdf14ce8cbd997e6023",
                "sha256:2026632051a93997cf8f6fda14360f99230be1725b7ab2ef15be205a4b8a5430",
                "sha256:23b693876ac7963b6bc7b1a5f3a2642f38d2624af834faad5933913928089d1b",
                "sha256:26ee4dbac5dd7abf18bf3cd8f04e51f72c339caf702f68172d308888cd26c6c9",
                "sha256:28b1791a30d62fc104070965f1a2866699c45bbf5adc0be0cf5f22935edcac58",
                "sha256:2b64955850a14b9d481c17becf0d3f62fb1bb31ac2c45c2caf5ad06d9e811187",
                "sha256:2cf50611ef4221ad587fb7a1708e61ff72966f84330c6317642e08d6db4138fd",
                "sha256:44a660506080cc975e1dfa5776fe5f6315ddc626a77b50bf0eee18b0389ea265",
                "sha256:4ec440990ab00650d0c7ea2c75bc225087afdd7ddcb248e3d934def4dff62762",
                "sha256:63ad778f4e80913fb171247e4fa82123d0068615ae1d51a9791fc4284cb81748",
                "sha256:69deec3a94de10062080d91e1ba69595efeafeafe68b996426dec9720031fb25",
                "sha256:6b70d02bbe1adbbf715d2249cacf9ac17c6f8d22dfcb3f1a4fbc5bf64364da8a",
                "sha256:885e11638946472b4a0a7db8e6df604b2cf64d23dc40eedc3806d869fcb18fae",
                "sha256:959bf4390766a8696aa01285016c766b4eb676f712878aac5fce956dd49695d9",
                "sha256:9ced2450c9fd016f9232d976661623e54c450679eeefc7aa48a3d29924a63189",
                "sha256:a0b9e3d81f86ba04007f0349e373a5b8c81ec2047aadb8d669caf8c54a092461",
                "sha256:a62c0ecbb9976550f26f7bf75569f425e661e7249349487f1483115e5fc893a6",
                "sha256:b07fc38e6392a65935dc8b486229679142b2ea33c94059366b4d8b56f1e35a97",
                "sha256:b41b87b929118838bafc4bb18cf3c5cd1b3be4b61cd9042e75174df79e8ac7a2",
                "sha256:b7ccdca6cd167611f4a62a8c2c0c4285c2535640d77108f782ce3f3cccb70f3a",
                "sha256:b7ff0a8bf0aec1908b92b8dfa1246128bf4f94adbdd3da6730e9c542e112542d",
                "sha256:bb342c0e25cc8f78a0e7c692da3b984f072666b316fbbec2a0e371cb4dfef5f0",
                "sha256:bf073c619b5a7f7cd731507d0fdc7329bee14b247a63b0419929e4acd24afea8",
                "sha256:c8d974c991eef0cd29418a5957ae544559dc326685a6f26b3a914c87759bf2f4",
                "sha256:c9d0f1a9538cc5e75f2ea0cb6c3d70155a1b7f18092c052e0d84105622a41b63",
                "sha256:cdee4d475e35684d210dc6b430ff8ca2ed0636378ac19b457e2f6f350d1f5acc",
                "sha256:cfa8ab4ba0c97ab6bcae1f0948497d14c11b6c6ecd1b32b8a79546a0823d8211",
                "sha256:d259fa08e4b3ed952c01711268bcf6cd2442b0c54866d64aece122f83da77c6d",
                "sha256:f2aa85aebc0ef6b342d5d3542f969caa8c6a63c8d36cf5098769158a9fa2123c",
                "sha256:fa9e0d7832b7511b3b3fd0e67fac85ff11fd752834c143ca2364c9b778c0485a",
                "sha256:fb4edb6c354eac0fcc07cb91797e142f702532dbb16c1d62839d6eec35f814cf"
            ],
            "index": "pypi",
            "version": "==1.4.40"
        },
        "tomli": {
            "hashes": [
                "sha256:939de3e7a6161af0c887ef91b7d41a53e7c5a1ca976325f429cb46ea9bc30ecc",
                "sha256:de526c12914f0c550d15924c62d72abc48d6fe7364aa87328337a31007fe8a4f"
            ],
            "markers": "python_version >= '3.7'",
            "version": "==2.0.1"
        },
        "typing-extensions": {
            "hashes": [
                "sha256:25642c956049920a5aa49edcdd6ab1e06d7e5d467fc00e0506c44ac86fbfca02",
                "sha256:e6d2677a32f47fc7eb2795db1dd15c1f34eff616bcaf2cfb5e997f854fa1c4a6"
            ],
            "markers": "python_version >= '3.7'",
            "version": "==4.3.0"
        },
        "urllib3": {
            "hashes": [
                "sha256:3fa96cf423e6987997fc326ae8df396db2a8b7c667747d47ddd8ecba91f4a74e",
                "sha256:b930dd878d5a8afb066a637fbb35144fe7901e3b209d1cd4f524bd0e9deee997"
            ],
            "markers": "python_version >= '2.7' and python_version not in '3.0, 3.1, 3.2, 3.3, 3.4, 3.5' and python_version < '4'",
            "version": "==1.26.12"
        },
        "wrapt": {
            "hashes": [
                "sha256:00b6d4ea20a906c0ca56d84f93065b398ab74b927a7a3dbd470f6fc503f95dc3",
                "sha256:01c205616a89d09827986bc4e859bcabd64f5a0662a7fe95e0d359424e0e071b",
                "sha256:02b41b633c6261feff8ddd8d11c711df6842aba629fdd3da10249a53211a72c4",
                "sha256:07f7a7d0f388028b2df1d916e94bbb40624c59b48ecc6cbc232546706fac74c2",
                "sha256:11871514607b15cfeb87c547a49bca19fde402f32e2b1c24a632506c0a756656",
                "sha256:1b376b3f4896e7930f1f772ac4b064ac12598d1c38d04907e696cc4d794b43d3",
                "sha256:21ac0156c4b089b330b7666db40feee30a5d52634cc4560e1905d6529a3897ff",
                "sha256:257fd78c513e0fb5cdbe058c27a0624c9884e735bbd131935fd49e9fe719d310",
                "sha256:2b39d38039a1fdad98c87279b48bc5dce2c0ca0d73483b12cb72aa9609278e8a",
                "sha256:2cf71233a0ed05ccdabe209c606fe0bac7379fdcf687f39b944420d2a09fdb57",
                "sha256:2fe803deacd09a233e4762a1adcea5db5d31e6be577a43352936179d14d90069",
                "sha256:3232822c7d98d23895ccc443bbdf57c7412c5a65996c30442ebe6ed3df335383",
                "sha256:34aa51c45f28ba7f12accd624225e2b1e5a3a45206aa191f6f9aac931d9d56fe",
                "sha256:36f582d0c6bc99d5f39cd3ac2a9062e57f3cf606ade29a0a0d6b323462f4dd87",
                "sha256:380a85cf89e0e69b7cfbe2ea9f765f004ff419f34194018a6827ac0e3edfed4d",
                "sha256:40e7bc81c9e2b2734ea4bc1aceb8a8f0ceaac7c5299bc5d69e37c44d9081d43b",
                "sha256:43ca3bbbe97af00f49efb06e352eae40434ca9d915906f77def219b88e85d907",
                "sha256:4fcc4649dc762cddacd193e6b55bc02edca674067f5f98166d7713b193932b7f",
                "sha256:5a0f54ce2c092aaf439813735584b9537cad479575a09892b8352fea5e988dc0",
                "sha256:5a9a0d155deafd9448baff28c08e150d9b24ff010e899311ddd63c45c2445e28",
                "sha256:5b02d65b9ccf0ef6c34cba6cf5bf2aab1bb2f49c6090bafeecc9cd81ad4ea1c1",
                "sha256:60db23fa423575eeb65ea430cee741acb7c26a1365d103f7b0f6ec412b893853",
                "sha256:642c2e7a804fcf18c222e1060df25fc210b9c58db7c91416fb055897fc27e8cc",
                "sha256:6a9a25751acb379b466ff6be78a315e2b439d4c94c1e99cb7266d40a537995d3",
                "sha256:6b1a564e6cb69922c7fe3a678b9f9a3c54e72b469875aa8018f18b4d1dd1adf3",
                "sha256:6d323e1554b3d22cfc03cd3243b5bb815a51f5249fdcbb86fda4bf62bab9e164",
                "sha256:6e743de5e9c3d1b7185870f480587b75b1cb604832e380d64f9504a0535912d1",
                "sha256:709fe01086a55cf79d20f741f39325018f4df051ef39fe921b1ebe780a66184c",
                "sha256:7b7c050ae976e286906dd3f26009e117eb000fb2cf3533398c5ad9ccc86867b1",
                "sha256:7d2872609603cb35ca513d7404a94d6d608fc13211563571117046c9d2bcc3d7",
                "sha256:7ef58fb89674095bfc57c4069e95d7a31cfdc0939e2a579882ac7d55aadfd2a1",
                "sha256:80bb5c256f1415f747011dc3604b59bc1f91c6e7150bd7db03b19170ee06b320",
                "sha256:81b19725065dcb43df02b37e03278c011a09e49757287dca60c5aecdd5a0b8ed",
                "sha256:833b58d5d0b7e5b9832869f039203389ac7cbf01765639c7309fd50ef619e0b1",
                "sha256:88bd7b6bd70a5b6803c1abf6bca012f7ed963e58c68d76ee20b9d751c74a3248",
                "sha256:8ad85f7f4e20964db4daadcab70b47ab05c7c1cf2a7c1e51087bfaa83831854c",
                "sha256:8c0ce1e99116d5ab21355d8ebe53d9460366704ea38ae4d9f6933188f327b456",
                "sha256:8d649d616e5c6a678b26d15ece345354f7c2286acd6db868e65fcc5ff7c24a77",
                "sha256:903500616422a40a98a5a3c4ff4ed9d0066f3b4c951fa286018ecdf0750194ef",
                "sha256:9736af4641846491aedb3c3f56b9bc5568d92b0692303b5a305301a95dfd38b1",
                "sha256:988635d122aaf2bdcef9e795435662bcd65b02f4f4c1ae37fbee7401c440b3a7",
                "sha256:9cca3c2cdadb362116235fdbd411735de4328c61425b0aa9f872fd76d02c4e86",
                "sha256:9e0fd32e0148dd5dea6af5fee42beb949098564cc23211a88d799e434255a1f4",
                "sha256:9f3e6f9e05148ff90002b884fbc2a86bd303ae847e472f44ecc06c2cd2fcdb2d",
                "sha256:a85d2b46be66a71bedde836d9e41859879cc54a2a04fad1191eb50c2066f6e9d",
                "sha256:a9a52172be0b5aae932bef82a79ec0a0ce87288c7d132946d645eba03f0ad8a8",
                "sha256:aa31fdcc33fef9eb2552cbcbfee7773d5a6792c137b359e82879c101e98584c5",
                "sha256:b014c23646a467558be7da3d6b9fa409b2c567d2110599b7cf9a0c5992b3b471",
                "sha256:b21bb4c09ffabfa0e85e3a6b623e19b80e7acd709b9f91452b8297ace2a8ab00",
                "sha256:b5901a312f4d14c59918c221323068fad0540e34324925c8475263841dbdfe68",
                "sha256:b9b7a708dd92306328117d8c4b62e2194d00c365f18eff11a9b53c6f923b01e3",
                "sha256:d1967f46ea8f2db647c786e78d8cc7e4313dbd1b0aca360592d8027b8508e24d",
                "sha256:d52a25136894c63de15a35bc0bdc5adb4b0e173b9c0d07a2be9d3ca64a332735",
                "sha256:d77c85fedff92cf788face9bfa3ebaa364448ebb1d765302e9af11bf449ca36d",
                "sha256:d79d7d5dc8a32b7093e81e97dad755127ff77bcc899e845f41bf71747af0c569",
                "sha256:dbcda74c67263139358f4d188ae5faae95c30929281bc6866d00573783c422b7",
                "sha256:ddaea91abf8b0d13443f6dac52e89051a5063c7d014710dcb4d4abb2ff811a59",
                "sha256:dee0ce50c6a2dd9056c20db781e9c1cfd33e77d2d569f5d1d9321c641bb903d5",
                "sha256:dee60e1de1898bde3b238f18340eec6148986da0455d8ba7848d50470a7a32fb",
                "sha256:e2f83e18fe2f4c9e7db597e988f72712c0c3676d337d8b101f6758107c42425b",
                "sha256:e3fb1677c720409d5f671e39bac6c9e0e422584e5f518bfd50aa4cbbea02433f",
                "sha256:ee2b1b1769f6707a8a445162ea16dddf74285c3964f605877a20e38545c3c462",
                "sha256:ee6acae74a2b91865910eef5e7de37dc6895ad96fa23603d1d27ea69df545015",
                "sha256:ef3f72c9666bba2bab70d2a8b79f2c6d2c1a42a7f7e2b0ec83bb2f9e383950af"
            ],
            "markers": "python_version >= '2.7' and python_version not in '3.0, 3.1, 3.2, 3.3, 3.4'",
            "version": "==1.14.1"
        }
    },
    "develop": {
        "astroid": {
            "hashes": [
                "sha256:86b0a340a512c65abf4368b80252754cda17c02cdbbd3f587dddf98112233e7b",
                "sha256:bb24615c77f4837c707669d16907331374ae8a964650a66999da3f5ca68dc946"
            ],
            "markers": "python_full_version >= '3.6.2'",
            "version": "==2.11.7"
        },
        "autopep8": {
            "hashes": [
                "sha256:6f09e90a2be784317e84dc1add17ebfc7abe3924239957a37e5040e27d812087",
                "sha256:ca9b1a83e53a7fad65d731dc7a2a2d50aa48f43850407c59f6a1a306c4201142"
            ],
            "index": "pypi",
            "version": "==1.7.0"
        },
        "dill": {
            "hashes": [
                "sha256:33501d03270bbe410c72639b350e941882a8b0fd55357580fbc873fba0c59302",
                "sha256:d75e41f3eff1eee599d738e76ba8f4ad98ea229db8b085318aa2b3333a208c86"
            ],
            "markers": "python_version >= '2.7' and python_version not in '3.0, 3.1, 3.2, 3.3, 3.4, 3.5, 3.6'",
            "version": "==0.3.5.1"
        },
        "isort": {
            "hashes": [
                "sha256:6f62d78e2f89b4500b080fe3a81690850cd254227f27f75c3a0c491a1f351ba7",
                "sha256:e8443a5e7a020e9d7f97f1d7d9cd17c88bcb3bc7e218bf9cf5095fe550be2951"
            ],
            "markers": "python_version < '4.0' and python_full_version >= '3.6.1'",
            "version": "==5.10.1"
        },
        "lazy-object-proxy": {
            "hashes": [
                "sha256:043651b6cb706eee4f91854da4a089816a6606c1428fd391573ef8cb642ae4f7",
                "sha256:07fa44286cda977bd4803b656ffc1c9b7e3bc7dff7d34263446aec8f8c96f88a",
                "sha256:12f3bb77efe1367b2515f8cb4790a11cffae889148ad33adad07b9b55e0ab22c",
                "sha256:2052837718516a94940867e16b1bb10edb069ab475c3ad84fd1e1a6dd2c0fcfc",
                "sha256:2130db8ed69a48a3440103d4a520b89d8a9405f1b06e2cc81640509e8bf6548f",
                "sha256:39b0e26725c5023757fc1ab2a89ef9d7ab23b84f9251e28f9cc114d5b59c1b09",
                "sha256:46ff647e76f106bb444b4533bb4153c7370cdf52efc62ccfc1a28bdb3cc95442",
                "sha256:4dca6244e4121c74cc20542c2ca39e5c4a5027c81d112bfb893cf0790f96f57e",
                "sha256:553b0f0d8dbf21890dd66edd771f9b1b5f51bd912fa5f26de4449bfc5af5e029",
                "sha256:677ea950bef409b47e51e733283544ac3d660b709cfce7b187f5ace137960d61",
                "sha256:6a24357267aa976abab660b1d47a34aaf07259a0c3859a34e536f1ee6e76b5bb",
                "sha256:6a6e94c7b02641d1311228a102607ecd576f70734dc3d5e22610111aeacba8a0",
                "sha256:6aff3fe5de0831867092e017cf67e2750c6a1c7d88d84d2481bd84a2e019ec35",
                "sha256:6ecbb350991d6434e1388bee761ece3260e5228952b1f0c46ffc800eb313ff42",
                "sha256:7096a5e0c1115ec82641afbdd70451a144558ea5cf564a896294e346eb611be1",
                "sha256:70ed0c2b380eb6248abdef3cd425fc52f0abd92d2b07ce26359fcbc399f636ad",
                "sha256:8561da8b3dd22d696244d6d0d5330618c993a215070f473b699e00cf1f3f6443",
                "sha256:85b232e791f2229a4f55840ed54706110c80c0a210d076eee093f2b2e33e1bfd",
                "sha256:898322f8d078f2654d275124a8dd19b079080ae977033b713f677afcfc88e2b9",
                "sha256:8f3953eb575b45480db6568306893f0bd9d8dfeeebd46812aa09ca9579595148",
                "sha256:91ba172fc5b03978764d1df5144b4ba4ab13290d7bab7a50f12d8117f8630c38",
                "sha256:9d166602b525bf54ac994cf833c385bfcc341b364e3ee71e3bf5a1336e677b55",
                "sha256:a57d51ed2997e97f3b8e3500c984db50a554bb5db56c50b5dab1b41339b37e36",
                "sha256:b9e89b87c707dd769c4ea91f7a31538888aad05c116a59820f28d59b3ebfe25a",
                "sha256:bb8c5fd1684d60a9902c60ebe276da1f2281a318ca16c1d0a96db28f62e9166b",
                "sha256:c19814163728941bb871240d45c4c30d33b8a2e85972c44d4e63dd7107faba44",
                "sha256:c4ce15276a1a14549d7e81c243b887293904ad2d94ad767f42df91e75fd7b5b6",
                "sha256:c7a683c37a8a24f6428c28c561c80d5f4fd316ddcf0c7cab999b15ab3f5c5c69",
                "sha256:d609c75b986def706743cdebe5e47553f4a5a1da9c5ff66d76013ef396b5a8a4",
                "sha256:d66906d5785da8e0be7360912e99c9188b70f52c422f9fc18223347235691a84",
                "sha256:dd7ed7429dbb6c494aa9bc4e09d94b778a3579be699f9d67da7e6804c422d3de",
                "sha256:df2631f9d67259dc9620d831384ed7732a198eb434eadf69aea95ad18c587a28",
                "sha256:e368b7f7eac182a59ff1f81d5f3802161932a41dc1b1cc45c1f757dc876b5d2c",
                "sha256:e40f2013d96d30217a51eeb1db28c9ac41e9d0ee915ef9d00da639c5b63f01a1",
                "sha256:f769457a639403073968d118bc70110e7dce294688009f5c24ab78800ae56dc8",
                "sha256:fccdf7c2c5821a8cbd0a9440a456f5050492f2270bd54e94360cac663398739b",
                "sha256:fd45683c3caddf83abbb1249b653a266e7069a09f486daa8863fb0e7496a9fdb"
            ],
            "markers": "python_version >= '3.6'",
            "version": "==1.7.1"
        },
        "mccabe": {
            "hashes": [
                "sha256:348e0240c33b60bbdf4e523192ef919f28cb2c3d7d5c7794f74009290f236325",
                "sha256:6c2d30ab6be0e4a46919781807b4f0d834ebdd6c6e3dca0bda5a15f863427b6e"
            ],
            "markers": "python_version >= '3.6'",
            "version": "==0.7.0"
        },
        "packaging": {
            "hashes": [
                "sha256:dd47c42927d89ab911e606518907cc2d3a1f38bbd026385970643f9c5b8ecfeb",
                "sha256:ef103e05f519cdc783ae24ea4e2e0f508a9c99b2d4969652eed6a2e1ea5bd522"
            ],
            "markers": "python_version >= '3.6'",
            "version": "==21.3"
        },
        "platformdirs": {
            "hashes": [
                "sha256:027d8e83a2d7de06bbac4e5ef7e023c02b863d7ea5d079477e722bb41ab25788",
                "sha256:58c8abb07dcb441e6ee4b11d8df0ac856038f944ab98b7be6b27b2a3c7feef19"
            ],
            "markers": "python_version >= '3.7'",
            "version": "==2.5.2"
        },
        "pycodestyle": {
            "hashes": [
                "sha256:2c9607871d58c76354b697b42f5d57e1ada7d261c261efac224b664affdc5785",
                "sha256:d1735fc58b418fd7c5f658d28d943854f8a849b01a5d0a1e6f3f3fdd0166804b"
            ],
            "markers": "python_version >= '3.6'",
            "version": "==2.9.1"
        },
        "pylint": {
            "hashes": [
                "sha256:15bc7b37f2022720765247eec24c49b93dcae6c81418adc3c36621b13d946f6d",
                "sha256:add6bc6380143af0f7a1ab15b5b5f54a8d9d25afc99fc7e2d86fd66f6c3e1ad9"
            ],
            "index": "pypi",
            "version": "==3.0.0a5"
        },
        "pyparsing": {
            "hashes": [
                "sha256:2b020ecf7d21b687f219b71ecad3631f644a47f01403fa1d1036b0c6416d70fb",
                "sha256:5026bae9a10eeaefb61dab2f09052b9f4307d44aee4eda64b309723d8d206bbc"
            ],
            "markers": "python_full_version >= '3.6.8'",
            "version": "==3.0.9"
        },
        "pytoolconfig": {
            "hashes": [
                "sha256:2512a1f261a40e73cef2e58e786184261b60c802ae7ed01249342b1949ec3aa2",
                "sha256:825d97b052e58b609c2684b04efeb543075588d33a4916a6dc2ae39676458c7d"
            ],
            "markers": "python_version >= '3.7'",
            "version": "==1.2.2"
        },
        "rope": {
            "hashes": [
                "sha256:4e8ede637d8f43eb83847ef9ea7edbf4ceb9d641deea592ed38a8875cde64265",
                "sha256:f0c82bd7167c2926339c6f0d9ecf7c93d6866cbe380c78639fa1bc4ac037c097"
            ],
            "index": "pypi",
            "version": "==1.3.0"
        },
        "setuptools": {
            "hashes": [
                "sha256:2e24e0bec025f035a2e72cdd1961119f557d78ad331bb00ff82efb2ab8da8e82",
                "sha256:7732871f4f7fa58fb6bdcaeadb0161b2bd046c85905dbaa066bdcbcc81953b57"
            ],
            "markers": "python_version >= '3.7'",
            "version": "==65.3.0"
        },
        "toml": {
            "hashes": [
                "sha256:806143ae5bfb6a3c6e736a764057db0e6a0e05e338b5630894a5f779cabb4f9b",
                "sha256:b3bda1d108d5dd99f4a20d24d9c348e91c4db7ab1b749200bded2f839ccbe68f"
            ],
            "markers": "python_version >= '2.6' and python_version not in '3.0, 3.1, 3.2, 3.3'",
            "version": "==0.10.2"
        },
        "tomli": {
            "hashes": [
                "sha256:939de3e7a6161af0c887ef91b7d41a53e7c5a1ca976325f429cb46ea9bc30ecc",
                "sha256:de526c12914f0c550d15924c62d72abc48d6fe7364aa87328337a31007fe8a4f"
            ],
            "markers": "python_version >= '3.7'",
            "version": "==2.0.1"
        },
        "tomlkit": {
            "hashes": [
                "sha256:25d4e2e446c453be6360c67ddfb88838cfc42026322770ba13d1fbd403a93a5c",
                "sha256:3235a9010fae54323e727c3ac06fb720752fe6635b3426e379daec60fbd44a83"
            ],
            "markers": "python_version >= '3.6' and python_version < '4.0'",
            "version": "==0.11.4"
        },
        "wrapt": {
            "hashes": [
                "sha256:00b6d4ea20a906c0ca56d84f93065b398ab74b927a7a3dbd470f6fc503f95dc3",
                "sha256:01c205616a89d09827986bc4e859bcabd64f5a0662a7fe95e0d359424e0e071b",
                "sha256:02b41b633c6261feff8ddd8d11c711df6842aba629fdd3da10249a53211a72c4",
                "sha256:07f7a7d0f388028b2df1d916e94bbb40624c59b48ecc6cbc232546706fac74c2",
                "sha256:11871514607b15cfeb87c547a49bca19fde402f32e2b1c24a632506c0a756656",
                "sha256:1b376b3f4896e7930f1f772ac4b064ac12598d1c38d04907e696cc4d794b43d3",
                "sha256:21ac0156c4b089b330b7666db40feee30a5d52634cc4560e1905d6529a3897ff",
                "sha256:257fd78c513e0fb5cdbe058c27a0624c9884e735bbd131935fd49e9fe719d310",
                "sha256:2b39d38039a1fdad98c87279b48bc5dce2c0ca0d73483b12cb72aa9609278e8a",
                "sha256:2cf71233a0ed05ccdabe209c606fe0bac7379fdcf687f39b944420d2a09fdb57",
                "sha256:2fe803deacd09a233e4762a1adcea5db5d31e6be577a43352936179d14d90069",
                "sha256:3232822c7d98d23895ccc443bbdf57c7412c5a65996c30442ebe6ed3df335383",
                "sha256:34aa51c45f28ba7f12accd624225e2b1e5a3a45206aa191f6f9aac931d9d56fe",
                "sha256:36f582d0c6bc99d5f39cd3ac2a9062e57f3cf606ade29a0a0d6b323462f4dd87",
                "sha256:380a85cf89e0e69b7cfbe2ea9f765f004ff419f34194018a6827ac0e3edfed4d",
                "sha256:40e7bc81c9e2b2734ea4bc1aceb8a8f0ceaac7c5299bc5d69e37c44d9081d43b",
                "sha256:43ca3bbbe97af00f49efb06e352eae40434ca9d915906f77def219b88e85d907",
                "sha256:4fcc4649dc762cddacd193e6b55bc02edca674067f5f98166d7713b193932b7f",
                "sha256:5a0f54ce2c092aaf439813735584b9537cad479575a09892b8352fea5e988dc0",
                "sha256:5a9a0d155deafd9448baff28c08e150d9b24ff010e899311ddd63c45c2445e28",
                "sha256:5b02d65b9ccf0ef6c34cba6cf5bf2aab1bb2f49c6090bafeecc9cd81ad4ea1c1",
                "sha256:60db23fa423575eeb65ea430cee741acb7c26a1365d103f7b0f6ec412b893853",
                "sha256:642c2e7a804fcf18c222e1060df25fc210b9c58db7c91416fb055897fc27e8cc",
                "sha256:6a9a25751acb379b466ff6be78a315e2b439d4c94c1e99cb7266d40a537995d3",
                "sha256:6b1a564e6cb69922c7fe3a678b9f9a3c54e72b469875aa8018f18b4d1dd1adf3",
                "sha256:6d323e1554b3d22cfc03cd3243b5bb815a51f5249fdcbb86fda4bf62bab9e164",
                "sha256:6e743de5e9c3d1b7185870f480587b75b1cb604832e380d64f9504a0535912d1",
                "sha256:709fe01086a55cf79d20f741f39325018f4df051ef39fe921b1ebe780a66184c",
                "sha256:7b7c050ae976e286906dd3f26009e117eb000fb2cf3533398c5ad9ccc86867b1",
                "sha256:7d2872609603cb35ca513d7404a94d6d608fc13211563571117046c9d2bcc3d7",
                "sha256:7ef58fb89674095bfc57c4069e95d7a31cfdc0939e2a579882ac7d55aadfd2a1",
                "sha256:80bb5c256f1415f747011dc3604b59bc1f91c6e7150bd7db03b19170ee06b320",
                "sha256:81b19725065dcb43df02b37e03278c011a09e49757287dca60c5aecdd5a0b8ed",
                "sha256:833b58d5d0b7e5b9832869f039203389ac7cbf01765639c7309fd50ef619e0b1",
                "sha256:88bd7b6bd70a5b6803c1abf6bca012f7ed963e58c68d76ee20b9d751c74a3248",
                "sha256:8ad85f7f4e20964db4daadcab70b47ab05c7c1cf2a7c1e51087bfaa83831854c",
                "sha256:8c0ce1e99116d5ab21355d8ebe53d9460366704ea38ae4d9f6933188f327b456",
                "sha256:8d649d616e5c6a678b26d15ece345354f7c2286acd6db868e65fcc5ff7c24a77",
                "sha256:903500616422a40a98a5a3c4ff4ed9d0066f3b4c951fa286018ecdf0750194ef",
                "sha256:9736af4641846491aedb3c3f56b9bc5568d92b0692303b5a305301a95dfd38b1",
                "sha256:988635d122aaf2bdcef9e795435662bcd65b02f4f4c1ae37fbee7401c440b3a7",
                "sha256:9cca3c2cdadb362116235fdbd411735de4328c61425b0aa9f872fd76d02c4e86",
                "sha256:9e0fd32e0148dd5dea6af5fee42beb949098564cc23211a88d799e434255a1f4",
                "sha256:9f3e6f9e05148ff90002b884fbc2a86bd303ae847e472f44ecc06c2cd2fcdb2d",
                "sha256:a85d2b46be66a71bedde836d9e41859879cc54a2a04fad1191eb50c2066f6e9d",
                "sha256:a9a52172be0b5aae932bef82a79ec0a0ce87288c7d132946d645eba03f0ad8a8",
                "sha256:aa31fdcc33fef9eb2552cbcbfee7773d5a6792c137b359e82879c101e98584c5",
                "sha256:b014c23646a467558be7da3d6b9fa409b2c567d2110599b7cf9a0c5992b3b471",
                "sha256:b21bb4c09ffabfa0e85e3a6b623e19b80e7acd709b9f91452b8297ace2a8ab00",
                "sha256:b5901a312f4d14c59918c221323068fad0540e34324925c8475263841dbdfe68",
                "sha256:b9b7a708dd92306328117d8c4b62e2194d00c365f18eff11a9b53c6f923b01e3",
                "sha256:d1967f46ea8f2db647c786e78d8cc7e4313dbd1b0aca360592d8027b8508e24d",
                "sha256:d52a25136894c63de15a35bc0bdc5adb4b0e173b9c0d07a2be9d3ca64a332735",
                "sha256:d77c85fedff92cf788face9bfa3ebaa364448ebb1d765302e9af11bf449ca36d",
                "sha256:d79d7d5dc8a32b7093e81e97dad755127ff77bcc899e845f41bf71747af0c569",
                "sha256:dbcda74c67263139358f4d188ae5faae95c30929281bc6866d00573783c422b7",
                "sha256:ddaea91abf8b0d13443f6dac52e89051a5063c7d014710dcb4d4abb2ff811a59",
                "sha256:dee0ce50c6a2dd9056c20db781e9c1cfd33e77d2d569f5d1d9321c641bb903d5",
                "sha256:dee60e1de1898bde3b238f18340eec6148986da0455d8ba7848d50470a7a32fb",
                "sha256:e2f83e18fe2f4c9e7db597e988f72712c0c3676d337d8b101f6758107c42425b",
                "sha256:e3fb1677c720409d5f671e39bac6c9e0e422584e5f518bfd50aa4cbbea02433f",
                "sha256:ee2b1b1769f6707a8a445162ea16dddf74285c3964f605877a20e38545c3c462",
                "sha256:ee6acae74a2b91865910eef5e7de37dc6895ad96fa23603d1d27ea69df545015",
                "sha256:ef3f72c9666bba2bab70d2a8b79f2c6d2c1a42a7f7e2b0ec83bb2f9e383950af"
            ],
            "markers": "python_version >= '2.7' and python_version not in '3.0, 3.1, 3.2, 3.3, 3.4'",
            "version": "==1.14.1"
        }
    }
}
